// !$*UTF8*$!
{
	archiveVersion = 1;
	classes = {
	};
	objectVersion = 50;
	objects = {

/* Begin PBXBuildFile section */
		3C67374C2705D00B00B0FC3E /* BMIDetailViewController.swift in Sources */ = {isa = PBXBuildFile; fileRef = 3C67374B2705D00B00B0FC3E /* BMIDetailViewController.swift */; };
		3C6737632705D7BF00B0FC3E /* Poppins-ExtraBold.ttf in Resources */ = {isa = PBXBuildFile; fileRef = 3C6737522705D6C100B0FC3E /* Poppins-ExtraBold.ttf */; };
		3C6737642705D7BF00B0FC3E /* Poppins-Bold.ttf in Resources */ = {isa = PBXBuildFile; fileRef = 3C6737512705D6C100B0FC3E /* Poppins-Bold.ttf */; };
		3C6737652705D7BF00B0FC3E /* Raleway-Regular.ttf in Resources */ = {isa = PBXBuildFile; fileRef = 3C67374E2705D54A00B0FC3E /* Raleway-Regular.ttf */; };
		3C6737662705D7BF00B0FC3E /* Raleway-ExtraBold.ttf in Resources */ = {isa = PBXBuildFile; fileRef = 3C6737562705D7B700B0FC3E /* Raleway-ExtraBold.ttf */; };
		3C6737672705D7BF00B0FC3E /* Raleway-Bold.ttf in Resources */ = {isa = PBXBuildFile; fileRef = 3C6737552705D7B700B0FC3E /* Raleway-Bold.ttf */; };
		3C6737682705D7BF00B0FC3E /* Raleway-SemiBold.ttf in Resources */ = {isa = PBXBuildFile; fileRef = 3C6737572705D7B700B0FC3E /* Raleway-SemiBold.ttf */; };
		3C67376B2705D7BF00B0FC3E /* Poppins-Regular.ttf in Resources */ = {isa = PBXBuildFile; fileRef = 3C67374F2705D55B00B0FC3E /* Poppins-Regular.ttf */; };
		3C67376C2705D7BF00B0FC3E /* Poppins-SemiBold.ttf in Resources */ = {isa = PBXBuildFile; fileRef = 3C6737532705D6C100B0FC3E /* Poppins-SemiBold.ttf */; };
		3C6737732705DB5200B0FC3E /* Constants.swift in Sources */ = {isa = PBXBuildFile; fileRef = 3C6737722705DB5200B0FC3E /* Constants.swift */; };
		3C7C50982705FD7600110A7D /* WheelData.swift in Sources */ = {isa = PBXBuildFile; fileRef = 3C7C50972705FD7600110A7D /* WheelData.swift */; };
		3C7C509E2706007900110A7D /* User.swift in Sources */ = {isa = PBXBuildFile; fileRef = 3C7C509D2706007900110A7D /* User.swift */; };
		3C7C50A1270602F400110A7D /* Gender.swift in Sources */ = {isa = PBXBuildFile; fileRef = 3C7C50A0270602F400110A7D /* Gender.swift */; };
		3C7C50A5270631AC00110A7D /* WeightClass.swift in Sources */ = {isa = PBXBuildFile; fileRef = 3C7C50A4270631AC00110A7D /* WeightClass.swift */; };
		3C7C50A8270637BA00110A7D /* BMIEngine.swift in Sources */ = {isa = PBXBuildFile; fileRef = 3C7C50A7270637BA00110A7D /* BMIEngine.swift */; };
		3C7C50AB27063F7500110A7D /* Result.swift in Sources */ = {isa = PBXBuildFile; fileRef = 3C7C50AA27063F7500110A7D /* Result.swift */; };
		3C7D8B922706F8FD00F969F5 /* Extensions.swift in Sources */ = {isa = PBXBuildFile; fileRef = 3C7D8B912706F8FD00F969F5 /* Extensions.swift */; };
		3CE4509427057DFE000207F0 /* AppDelegate.swift in Sources */ = {isa = PBXBuildFile; fileRef = 3CE4509327057DFE000207F0 /* AppDelegate.swift */; };
		3CE4509627057DFE000207F0 /* SceneDelegate.swift in Sources */ = {isa = PBXBuildFile; fileRef = 3CE4509527057DFE000207F0 /* SceneDelegate.swift */; };
		3CE4509827057DFE000207F0 /* BMIViewController.swift in Sources */ = {isa = PBXBuildFile; fileRef = 3CE4509727057DFE000207F0 /* BMIViewController.swift */; };
		3CE4509B27057DFE000207F0 /* Main.storyboard in Resources */ = {isa = PBXBuildFile; fileRef = 3CE4509927057DFE000207F0 /* Main.storyboard */; };
		3CE4509D27057E09000207F0 /* Assets.xcassets in Resources */ = {isa = PBXBuildFile; fileRef = 3CE4509C27057E09000207F0 /* Assets.xcassets */; };
		3CE450A027057E09000207F0 /* LaunchScreen.storyboard in Resources */ = {isa = PBXBuildFile; fileRef = 3CE4509E27057E09000207F0 /* LaunchScreen.storyboard */; };
/* End PBXBuildFile section */

/* Begin PBXFileReference section */
		3C67374B2705D00B00B0FC3E /* BMIDetailViewController.swift */ = {isa = PBXFileReference; lastKnownFileType = sourcecode.swift; path = BMIDetailViewController.swift; sourceTree = "<group>"; };
		3C67374E2705D54A00B0FC3E /* Raleway-Regular.ttf */ = {isa = PBXFileReference; lastKnownFileType = file; path = "Raleway-Regular.ttf"; sourceTree = "<group>"; };
		3C67374F2705D55B00B0FC3E /* Poppins-Regular.ttf */ = {isa = PBXFileReference; lastKnownFileType = file; path = "Poppins-Regular.ttf"; sourceTree = "<group>"; };
		3C6737512705D6C100B0FC3E /* Poppins-Bold.ttf */ = {isa = PBXFileReference; lastKnownFileType = file; path = "Poppins-Bold.ttf"; sourceTree = "<group>"; };
		3C6737522705D6C100B0FC3E /* Poppins-ExtraBold.ttf */ = {isa = PBXFileReference; lastKnownFileType = file; path = "Poppins-ExtraBold.ttf"; sourceTree = "<group>"; };
		3C6737532705D6C100B0FC3E /* Poppins-SemiBold.ttf */ = {isa = PBXFileReference; lastKnownFileType = file; path = "Poppins-SemiBold.ttf"; sourceTree = "<group>"; };
		3C6737552705D7B700B0FC3E /* Raleway-Bold.ttf */ = {isa = PBXFileReference; lastKnownFileType = file; path = "Raleway-Bold.ttf"; sourceTree = "<group>"; };
		3C6737562705D7B700B0FC3E /* Raleway-ExtraBold.ttf */ = {isa = PBXFileReference; lastKnownFileType = file; path = "Raleway-ExtraBold.ttf"; sourceTree = "<group>"; };
		3C6737572705D7B700B0FC3E /* Raleway-SemiBold.ttf */ = {isa = PBXFileReference; lastKnownFileType = file; path = "Raleway-SemiBold.ttf"; sourceTree = "<group>"; };
		3C6737722705DB5200B0FC3E /* Constants.swift */ = {isa = PBXFileReference; lastKnownFileType = sourcecode.swift; path = Constants.swift; sourceTree = "<group>"; };
		3C7C50972705FD7600110A7D /* WheelData.swift */ = {isa = PBXFileReference; lastKnownFileType = sourcecode.swift; path = WheelData.swift; sourceTree = "<group>"; };
		3C7C509D2706007900110A7D /* User.swift */ = {isa = PBXFileReference; lastKnownFileType = sourcecode.swift; path = User.swift; sourceTree = "<group>"; };
		3C7C50A0270602F400110A7D /* Gender.swift */ = {isa = PBXFileReference; lastKnownFileType = sourcecode.swift; path = Gender.swift; sourceTree = "<group>"; };
		3C7C50A4270631AC00110A7D /* WeightClass.swift */ = {isa = PBXFileReference; lastKnownFileType = sourcecode.swift; path = WeightClass.swift; sourceTree = "<group>"; };
		3C7C50A7270637BA00110A7D /* BMIEngine.swift */ = {isa = PBXFileReference; lastKnownFileType = sourcecode.swift; path = BMIEngine.swift; sourceTree = "<group>"; };
		3C7C50AA27063F7500110A7D /* Result.swift */ = {isa = PBXFileReference; lastKnownFileType = sourcecode.swift; path = Result.swift; sourceTree = "<group>"; };
		3C7D8B912706F8FD00F969F5 /* Extensions.swift */ = {isa = PBXFileReference; lastKnownFileType = sourcecode.swift; path = Extensions.swift; sourceTree = "<group>"; };
		3CE4509027057DFE000207F0 /* BMI.app */ = {isa = PBXFileReference; explicitFileType = wrapper.application; includeInIndex = 0; path = BMI.app; sourceTree = BUILT_PRODUCTS_DIR; };
		3CE4509327057DFE000207F0 /* AppDelegate.swift */ = {isa = PBXFileReference; lastKnownFileType = sourcecode.swift; path = AppDelegate.swift; sourceTree = "<group>"; };
		3CE4509527057DFE000207F0 /* SceneDelegate.swift */ = {isa = PBXFileReference; lastKnownFileType = sourcecode.swift; path = SceneDelegate.swift; sourceTree = "<group>"; };
		3CE4509727057DFE000207F0 /* BMIViewController.swift */ = {isa = PBXFileReference; lastKnownFileType = sourcecode.swift; path = BMIViewController.swift; sourceTree = "<group>"; };
		3CE4509A27057DFE000207F0 /* Base */ = {isa = PBXFileReference; lastKnownFileType = file.storyboard; name = Base; path = Base.lproj/Main.storyboard; sourceTree = "<group>"; };
		3CE4509C27057E09000207F0 /* Assets.xcassets */ = {isa = PBXFileReference; lastKnownFileType = folder.assetcatalog; path = Assets.xcassets; sourceTree = "<group>"; };
		3CE4509F27057E09000207F0 /* Base */ = {isa = PBXFileReference; lastKnownFileType = file.storyboard; name = Base; path = Base.lproj/LaunchScreen.storyboard; sourceTree = "<group>"; };
		3CE450A127057E09000207F0 /* Info.plist */ = {isa = PBXFileReference; lastKnownFileType = text.plist.xml; path = Info.plist; sourceTree = "<group>"; };
/* End PBXFileReference section */

/* Begin PBXFrameworksBuildPhase section */
		3CE4508D27057DFE000207F0 /* Frameworks */ = {
			isa = PBXFrameworksBuildPhase;
			buildActionMask = 2147483647;
			files = (
			);
			runOnlyForDeploymentPostprocessing = 0;
		};
/* End PBXFrameworksBuildPhase section */

/* Begin PBXGroup section */
		3CE4508727057DFE000207F0 = {
			isa = PBXGroup;
			children = (
				3CE4509227057DFE000207F0 /* BMI */,
				3CE4509127057DFE000207F0 /* Products */,
			);
			sourceTree = "<group>";
		};
		3CE4509127057DFE000207F0 /* Products */ = {
			isa = PBXGroup;
			children = (
				3CE4509027057DFE000207F0 /* BMI.app */,
			);
			name = Products;
			sourceTree = "<group>";
		};
		3CE4509227057DFE000207F0 /* BMI */ = {
			isa = PBXGroup;
			children = (
				3CE450C8270588B8000207F0 /* fonts */,
				3CE450A127057E09000207F0 /* Info.plist */,
				3CE4509C27057E09000207F0 /* Assets.xcassets */,
				3CE450B027058086000207F0 /* Ultility */,
				3CE450AF27058061000207F0 /* Scene */,
				3CE450AC27058041000207F0 /* Model */,
				3CE450AD27058049000207F0 /* View */,
				3CE450AE27058050000207F0 /* Control */,
			);
			path = BMI;
			sourceTree = "<group>";
		};
		3CE450AC27058041000207F0 /* Model */ = {
			isa = PBXGroup;
			children = (
				3C6737722705DB5200B0FC3E /* Constants.swift */,
				3C7C50A0270602F400110A7D /* Gender.swift */,
				3C7C509D2706007900110A7D /* User.swift */,
				3C7C50A4270631AC00110A7D /* WeightClass.swift */,
				3C7C50972705FD7600110A7D /* WheelData.swift */,
				3C7C50A7270637BA00110A7D /* BMIEngine.swift */,
				3C7C50AA27063F7500110A7D /* Result.swift */,
			);
			path = Model;
			sourceTree = "<group>";
		};
		3CE450AD27058049000207F0 /* View */ = {
			isa = PBXGroup;
			children = (
				3CE4509927057DFE000207F0 /* Main.storyboard */,
				3CE4509E27057E09000207F0 /* LaunchScreen.storyboard */,
			);
			path = View;
			sourceTree = "<group>";
		};
		3CE450AE27058050000207F0 /* Control */ = {
			isa = PBXGroup;
			children = (
				3CE4509727057DFE000207F0 /* BMIViewController.swift */,
				3C67374B2705D00B00B0FC3E /* BMIDetailViewController.swift */,
			);
			path = Control;
			sourceTree = "<group>";
		};
		3CE450AF27058061000207F0 /* Scene */ = {
			isa = PBXGroup;
			children = (
				3CE4509327057DFE000207F0 /* AppDelegate.swift */,
				3CE4509527057DFE000207F0 /* SceneDelegate.swift */,
			);
			path = Scene;
			sourceTree = "<group>";
		};
		3CE450B027058086000207F0 /* Ultility */ = {
			isa = PBXGroup;
			children = (
				3C7D8B912706F8FD00F969F5 /* Extensions.swift */,
			);
			path = Ultility;
			sourceTree = "<group>";
		};
		3CE450C8270588B8000207F0 /* fonts */ = {
			isa = PBXGroup;
			children = (
				3C67374F2705D55B00B0FC3E /* Poppins-Regular.ttf */,
				3C6737512705D6C100B0FC3E /* Poppins-Bold.ttf */,
				3C6737522705D6C100B0FC3E /* Poppins-ExtraBold.ttf */,
				3C6737532705D6C100B0FC3E /* Poppins-SemiBold.ttf */,
				3C67374E2705D54A00B0FC3E /* Raleway-Regular.ttf */,
				3C6737552705D7B700B0FC3E /* Raleway-Bold.ttf */,
				3C6737562705D7B700B0FC3E /* Raleway-ExtraBold.ttf */,
				3C6737572705D7B700B0FC3E /* Raleway-SemiBold.ttf */,
			);
			path = fonts;
			sourceTree = "<group>";
		};
/* End PBXGroup section */

/* Begin PBXNativeTarget section */
		3CE4508F27057DFE000207F0 /* BMI */ = {
			isa = PBXNativeTarget;
			buildConfigurationList = 3CE450A427057E09000207F0 /* Build configuration list for PBXNativeTarget "BMI" */;
			buildPhases = (
				3CE4508C27057DFE000207F0 /* Sources */,
				3CE4508D27057DFE000207F0 /* Frameworks */,
				3CE4508E27057DFE000207F0 /* Resources */,
			);
			buildRules = (
			);
			dependencies = (
			);
			name = BMI;
			productName = BMI;
			productReference = 3CE4509027057DFE000207F0 /* BMI.app */;
			productType = "com.apple.product-type.application";
		};
/* End PBXNativeTarget section */

/* Begin PBXProject section */
		3CE4508827057DFE000207F0 /* Project object */ = {
			isa = PBXProject;
			attributes = {
				LastSwiftUpdateCheck = 1230;
				LastUpgradeCheck = 1230;
				TargetAttributes = {
					3CE4508F27057DFE000207F0 = {
						CreatedOnToolsVersion = 12.3;
					};
				};
			};
			buildConfigurationList = 3CE4508B27057DFE000207F0 /* Build configuration list for PBXProject "BMI" */;
			compatibilityVersion = "Xcode 9.3";
			developmentRegion = en;
			hasScannedForEncodings = 0;
			knownRegions = (
				en,
				Base,
			);
			mainGroup = 3CE4508727057DFE000207F0;
			productRefGroup = 3CE4509127057DFE000207F0 /* Products */;
			projectDirPath = "";
			projectRoot = "";
			targets = (
				3CE4508F27057DFE000207F0 /* BMI */,
			);
		};
/* End PBXProject section */

/* Begin PBXResourcesBuildPhase section */
		3CE4508E27057DFE000207F0 /* Resources */ = {
			isa = PBXResourcesBuildPhase;
			buildActionMask = 2147483647;
			files = (
				3C6737682705D7BF00B0FC3E /* Raleway-SemiBold.ttf in Resources */,
				3C6737632705D7BF00B0FC3E /* Poppins-ExtraBold.ttf in Resources */,
				3C6737652705D7BF00B0FC3E /* Raleway-Regular.ttf in Resources */,
				3C67376B2705D7BF00B0FC3E /* Poppins-Regular.ttf in Resources */,
				3C67376C2705D7BF00B0FC3E /* Poppins-SemiBold.ttf in Resources */,
				3CE450A027057E09000207F0 /* LaunchScreen.storyboard in Resources */,
				3C6737642705D7BF00B0FC3E /* Poppins-Bold.ttf in Resources */,
				3CE4509D27057E09000207F0 /* Assets.xcassets in Resources */,
				3CE4509B27057DFE000207F0 /* Main.storyboard in Resources */,
				3C6737662705D7BF00B0FC3E /* Raleway-ExtraBold.ttf in Resources */,
				3C6737672705D7BF00B0FC3E /* Raleway-Bold.ttf in Resources */,
			);
			runOnlyForDeploymentPostprocessing = 0;
		};
/* End PBXResourcesBuildPhase section */

/* Begin PBXSourcesBuildPhase section */
		3CE4508C27057DFE000207F0 /* Sources */ = {
			isa = PBXSourcesBuildPhase;
			buildActionMask = 2147483647;
			files = (
				3C7C50982705FD7600110A7D /* WheelData.swift in Sources */,
				3C7C50A5270631AC00110A7D /* WeightClass.swift in Sources */,
				3C7C50A8270637BA00110A7D /* BMIEngine.swift in Sources */,
				3C6737732705DB5200B0FC3E /* Constants.swift in Sources */,
				3CE4509827057DFE000207F0 /* BMIViewController.swift in Sources */,
				3CE4509427057DFE000207F0 /* AppDelegate.swift in Sources */,
				3C7C50A1270602F400110A7D /* Gender.swift in Sources */,
				3C7D8B922706F8FD00F969F5 /* Extensions.swift in Sources */,
				3C67374C2705D00B00B0FC3E /* BMIDetailViewController.swift in Sources */,
				3CE4509627057DFE000207F0 /* SceneDelegate.swift in Sources */,
				3C7C509E2706007900110A7D /* User.swift in Sources */,
				3C7C50AB27063F7500110A7D /* Result.swift in Sources */,
			);
			runOnlyForDeploymentPostprocessing = 0;
		};
/* End PBXSourcesBuildPhase section */

/* Begin PBXVariantGroup section */
		3CE4509927057DFE000207F0 /* Main.storyboard */ = {
			isa = PBXVariantGroup;
			children = (
				3CE4509A27057DFE000207F0 /* Base */,
			);
			name = Main.storyboard;
			sourceTree = "<group>";
		};
		3CE4509E27057E09000207F0 /* LaunchScreen.storyboard */ = {
			isa = PBXVariantGroup;
			children = (
				3CE4509F27057E09000207F0 /* Base */,
			);
			name = LaunchScreen.storyboard;
			sourceTree = "<group>";
		};
/* End PBXVariantGroup section */

/* Begin XCBuildConfiguration section */
		3CE450A227057E09000207F0 /* Debug */ = {
			isa = XCBuildConfiguration;
			buildSettings = {
				ALWAYS_SEARCH_USER_PATHS = NO;
				CLANG_ANALYZER_NONNULL = YES;
				CLANG_ANALYZER_NUMBER_OBJECT_CONVERSION = YES_AGGRESSIVE;
				CLANG_CXX_LANGUAGE_STANDARD = "gnu++14";
				CLANG_CXX_LIBRARY = "libc++";
				CLANG_ENABLE_MODULES = YES;
				CLANG_ENABLE_OBJC_ARC = YES;
				CLANG_ENABLE_OBJC_WEAK = YES;
				CLANG_WARN_BLOCK_CAPTURE_AUTORELEASING = YES;
				CLANG_WARN_BOOL_CONVERSION = YES;
				CLANG_WARN_COMMA = YES;
				CLANG_WARN_CONSTANT_CONVERSION = YES;
				CLANG_WARN_DEPRECATED_OBJC_IMPLEMENTATIONS = YES;
				CLANG_WARN_DIRECT_OBJC_ISA_USAGE = YES_ERROR;
				CLANG_WARN_DOCUMENTATION_COMMENTS = YES;
				CLANG_WARN_EMPTY_BODY = YES;
				CLANG_WARN_ENUM_CONVERSION = YES;
				CLANG_WARN_INFINITE_RECURSION = YES;
				CLANG_WARN_INT_CONVERSION = YES;
				CLANG_WARN_NON_LITERAL_NULL_CONVERSION = YES;
				CLANG_WARN_OBJC_IMPLICIT_RETAIN_SELF = YES;
				CLANG_WARN_OBJC_LITERAL_CONVERSION = YES;
				CLANG_WARN_OBJC_ROOT_CLASS = YES_ERROR;
				CLANG_WARN_QUOTED_INCLUDE_IN_FRAMEWORK_HEADER = YES;
				CLANG_WARN_RANGE_LOOP_ANALYSIS = YES;
				CLANG_WARN_STRICT_PROTOTYPES = YES;
				CLANG_WARN_SUSPICIOUS_MOVE = YES;
				CLANG_WARN_UNGUARDED_AVAILABILITY = YES_AGGRESSIVE;
				CLANG_WARN_UNREACHABLE_CODE = YES;
				CLANG_WARN__DUPLICATE_METHOD_MATCH = YES;
				COPY_PHASE_STRIP = NO;
				DEBUG_INFORMATION_FORMAT = dwarf;
				ENABLE_STRICT_OBJC_MSGSEND = YES;
				ENABLE_TESTABILITY = YES;
				GCC_C_LANGUAGE_STANDARD = gnu11;
				GCC_DYNAMIC_NO_PIC = NO;
				GCC_NO_COMMON_BLOCKS = YES;
				GCC_OPTIMIZATION_LEVEL = 0;
				GCC_PREPROCESSOR_DEFINITIONS = (
					"DEBUG=1",
					"$(inherited)",
				);
				GCC_WARN_64_TO_32_BIT_CONVERSION = YES;
				GCC_WARN_ABOUT_RETURN_TYPE = YES_ERROR;
				GCC_WARN_UNDECLARED_SELECTOR = YES;
				GCC_WARN_UNINITIALIZED_AUTOS = YES_AGGRESSIVE;
				GCC_WARN_UNUSED_FUNCTION = YES;
				GCC_WARN_UNUSED_VARIABLE = YES;
				IPHONEOS_DEPLOYMENT_TARGET = 14.3;
				MTL_ENABLE_DEBUG_INFO = INCLUDE_SOURCE;
				MTL_FAST_MATH = YES;
				ONLY_ACTIVE_ARCH = YES;
				SDKROOT = iphoneos;
				SWIFT_ACTIVE_COMPILATION_CONDITIONS = DEBUG;
				SWIFT_OPTIMIZATION_LEVEL = "-Onone";
			};
			name = Debug;
		};
		3CE450A327057E09000207F0 /* Release */ = {
			isa = XCBuildConfiguration;
			buildSettings = {
				ALWAYS_SEARCH_USER_PATHS = NO;
				CLANG_ANALYZER_NONNULL = YES;
				CLANG_ANALYZER_NUMBER_OBJECT_CONVERSION = YES_AGGRESSIVE;
				CLANG_CXX_LANGUAGE_STANDARD = "gnu++14";
				CLANG_CXX_LIBRARY = "libc++";
				CLANG_ENABLE_MODULES = YES;
				CLANG_ENABLE_OBJC_ARC = YES;
				CLANG_ENABLE_OBJC_WEAK = YES;
				CLANG_WARN_BLOCK_CAPTURE_AUTORELEASING = YES;
				CLANG_WARN_BOOL_CONVERSION = YES;
				CLANG_WARN_COMMA = YES;
				CLANG_WARN_CONSTANT_CONVERSION = YES;
				CLANG_WARN_DEPRECATED_OBJC_IMPLEMENTATIONS = YES;
				CLANG_WARN_DIRECT_OBJC_ISA_USAGE = YES_ERROR;
				CLANG_WARN_DOCUMENTATION_COMMENTS = YES;
				CLANG_WARN_EMPTY_BODY = YES;
				CLANG_WARN_ENUM_CONVERSION = YES;
				CLANG_WARN_INFINITE_RECURSION = YES;
				CLANG_WARN_INT_CONVERSION = YES;
				CLANG_WARN_NON_LITERAL_NULL_CONVERSION = YES;
				CLANG_WARN_OBJC_IMPLICIT_RETAIN_SELF = YES;
				CLANG_WARN_OBJC_LITERAL_CONVERSION = YES;
				CLANG_WARN_OBJC_ROOT_CLASS = YES_ERROR;
				CLANG_WARN_QUOTED_INCLUDE_IN_FRAMEWORK_HEADER = YES;
				CLANG_WARN_RANGE_LOOP_ANALYSIS = YES;
				CLANG_WARN_STRICT_PROTOTYPES = YES;
				CLANG_WARN_SUSPICIOUS_MOVE = YES;
				CLANG_WARN_UNGUARDED_AVAILABILITY = YES_AGGRESSIVE;
				CLANG_WARN_UNREACHABLE_CODE = YES;
				CLANG_WARN__DUPLICATE_METHOD_MATCH = YES;
				COPY_PHASE_STRIP = NO;
				DEBUG_INFORMATION_FORMAT = "dwarf-with-dsym";
				ENABLE_NS_ASSERTIONS = NO;
				ENABLE_STRICT_OBJC_MSGSEND = YES;
				GCC_C_LANGUAGE_STANDARD = gnu11;
				GCC_NO_COMMON_BLOCKS = YES;
				GCC_WARN_64_TO_32_BIT_CONVERSION = YES;
				GCC_WARN_ABOUT_RETURN_TYPE = YES_ERROR;
				GCC_WARN_UNDECLARED_SELECTOR = YES;
				GCC_WARN_UNINITIALIZED_AUTOS = YES_AGGRESSIVE;
				GCC_WARN_UNUSED_FUNCTION = YES;
				GCC_WARN_UNUSED_VARIABLE = YES;
				IPHONEOS_DEPLOYMENT_TARGET = 14.3;
				MTL_ENABLE_DEBUG_INFO = NO;
				MTL_FAST_MATH = YES;
				SDKROOT = iphoneos;
				SWIFT_COMPILATION_MODE = wholemodule;
				SWIFT_OPTIMIZATION_LEVEL = "-O";
				VALIDATE_PRODUCT = YES;
			};
			name = Release;
		};
		3CE450A527057E09000207F0 /* Debug */ = {
			isa = XCBuildConfiguration;
			buildSettings = {
				ASSETCATALOG_COMPILER_APPICON_NAME = AppIcon;
				ASSETCATALOG_COMPILER_GLOBAL_ACCENT_COLOR_NAME = AccentColor;
				CODE_SIGN_STYLE = Automatic;
				DEVELOPMENT_TEAM = 2VVNCY5AAT;
				INFOPLIST_FILE = BMI/Info.plist;
				IPHONEOS_DEPLOYMENT_TARGET = 13.0;
				LD_RUNPATH_SEARCH_PATHS = (
					"$(inherited)",
					"@executable_path/Frameworks",
				);
				PRODUCT_BUNDLE_IDENTIFIER = com.caleb.BMI;
				PRODUCT_NAME = "$(TARGET_NAME)";
				SWIFT_VERSION = 5.0;
				TARGETED_DEVICE_FAMILY = "1,2";
			};
			name = Debug;
		};
		3CE450A627057E09000207F0 /* Release */ = {
			isa = XCBuildConfiguration;
			buildSettings = {
				ASSETCATALOG_COMPILER_APPICON_NAME = AppIcon;
				ASSETCATALOG_COMPILER_GLOBAL_ACCENT_COLOR_NAME = AccentColor;
				CODE_SIGN_STYLE = Automatic;
				DEVELOPMENT_TEAM = 2VVNCY5AAT;
				INFOPLIST_FILE = BMI/Info.plist;
				IPHONEOS_DEPLOYMENT_TARGET = 13.0;
				LD_RUNPATH_SEARCH_PATHS = (
					"$(inherited)",
					"@executable_path/Frameworks",
				);
				PRODUCT_BUNDLE_IDENTIFIER = com.caleb.BMI;
				PRODUCT_NAME = "$(TARGET_NAME)";
				SWIFT_VERSION = 5.0;
				TARGETED_DEVICE_FAMILY = "1,2";
			};
			name = Release;
		};
/* End XCBuildConfiguration section */

/* Begin XCConfigurationList section */
		3CE4508B27057DFE000207F0 /* Build configuration list for PBXProject "BMI" */ = {
			isa = XCConfigurationList;
			buildConfigurations = (
				3CE450A227057E09000207F0 /* Debug */,
				3CE450A327057E09000207F0 /* Release */,
			);
			defaultConfigurationIsVisible = 0;
			defaultConfigurationName = Release;
		};
		3CE450A427057E09000207F0 /* Build configuration list for PBXNativeTarget "BMI" */ = {
			isa = XCConfigurationList;
			buildConfigurations = (
				3CE450A527057E09000207F0 /* Debug */,
				3CE450A627057E09000207F0 /* Release */,
			);
			defaultConfigurationIsVisible = 0;
			defaultConfigurationName = Release;
		};
/* End XCConfigurationList section */
	};
	rootObject = 3CE4508827057DFE000207F0 /* Project object */;
}
